// !$*UTF8*$!
{
	archiveVersion = 1;
	classes = {
	};
	objectVersion = 50;
	objects = {

/* Begin PBXBuildFile section */
		431F4821254D223800C4451E /* ContactsApp.swift in Sources */ = {isa = PBXBuildFile; fileRef = 431F4820254D223800C4451E /* ContactsApp.swift */; };
		431F4823254D223800C4451E /* TabBarView.swift in Sources */ = {isa = PBXBuildFile; fileRef = 431F4822254D223800C4451E /* TabBarView.swift */; };
		431F4825254D223800C4451E /* Assets.xcassets in Resources */ = {isa = PBXBuildFile; fileRef = 431F4824254D223800C4451E /* Assets.xcassets */; };
		431F4828254D223800C4451E /* Preview Assets.xcassets in Resources */ = {isa = PBXBuildFile; fileRef = 431F4827254D223800C4451E /* Preview Assets.xcassets */; };
		431F484F254D260100C4451E /* Contact.swift in Sources */ = {isa = PBXBuildFile; fileRef = 431F484E254D260100C4451E /* Contact.swift */; };
		431F4854254D269E00C4451E /* DataManager.swift in Sources */ = {isa = PBXBuildFile; fileRef = 431F4853254D269E00C4451E /* DataManager.swift */; };
		431F485B254D42B800C4451E /* ContactsListView.swift in Sources */ = {isa = PBXBuildFile; fileRef = 431F485A254D42B800C4451E /* ContactsListView.swift */; };
		431F4860254D466F00C4451E /* ContactInfoView.swift in Sources */ = {isa = PBXBuildFile; fileRef = 431F485F254D466F00C4451E /* ContactInfoView.swift */; };
		431F4880254D5A4400C4451E /* ContactRow.swift in Sources */ = {isa = PBXBuildFile; fileRef = 431F487F254D5A4400C4451E /* ContactRow.swift */; };
		431F48CA254DE1B900C4451E /* ContactsListWithSections.swift in Sources */ = {isa = PBXBuildFile; fileRef = 431F48C9254DE1B900C4451E /* ContactsListWithSections.swift */; };
/* End PBXBuildFile section */

/* Begin PBXContainerItemProxy section */
		431F482F254D223800C4451E /* PBXContainerItemProxy */ = {
			isa = PBXContainerItemProxy;
			containerPortal = 431F4815254D223800C4451E /* Project object */;
			proxyType = 1;
			remoteGlobalIDString = 431F481C254D223800C4451E;
			remoteInfo = Contacts;
		};
		431F483A254D223900C4451E /* PBXContainerItemProxy */ = {
			isa = PBXContainerItemProxy;
			containerPortal = 431F4815254D223800C4451E /* Project object */;
			proxyType = 1;
			remoteGlobalIDString = 431F481C254D223800C4451E;
			remoteInfo = Contacts;
		};
/* End PBXContainerItemProxy section */

/* Begin PBXFileReference section */
		431F481D254D223800C4451E /* Contacts.app */ = {isa = PBXFileReference; explicitFileType = wrapper.application; includeInIndex = 0; path = Contacts.app; sourceTree = BUILT_PRODUCTS_DIR; };
		431F4820254D223800C4451E /* ContactsApp.swift */ = {isa = PBXFileReference; lastKnownFileType = sourcecode.swift; path = ContactsApp.swift; sourceTree = "<group>"; };
		431F4822254D223800C4451E /* TabBarView.swift */ = {isa = PBXFileReference; lastKnownFileType = sourcecode.swift; path = TabBarView.swift; sourceTree = "<group>"; };
		431F4824254D223800C4451E /* Assets.xcassets */ = {isa = PBXFileReference; lastKnownFileType = folder.assetcatalog; path = Assets.xcassets; sourceTree = "<group>"; };
		431F4827254D223800C4451E /* Preview Assets.xcassets */ = {isa = PBXFileReference; lastKnownFileType = folder.assetcatalog; path = "Preview Assets.xcassets"; sourceTree = "<group>"; };
		431F4829254D223800C4451E /* Info.plist */ = {isa = PBXFileReference; lastKnownFileType = text.plist.xml; path = Info.plist; sourceTree = "<group>"; };
		431F482E254D223800C4451E /* ContactsTests.xctest */ = {isa = PBXFileReference; explicitFileType = wrapper.cfbundle; includeInIndex = 0; path = ContactsTests.xctest; sourceTree = BUILT_PRODUCTS_DIR; };
		431F4839254D223900C4451E /* ContactsUITests.xctest */ = {isa = PBXFileReference; explicitFileType = wrapper.cfbundle; includeInIndex = 0; path = ContactsUITests.xctest; sourceTree = BUILT_PRODUCTS_DIR; };
		431F484E254D260100C4451E /* Contact.swift */ = {isa = PBXFileReference; lastKnownFileType = sourcecode.swift; path = Contact.swift; sourceTree = "<group>"; };
		431F4853254D269E00C4451E /* DataManager.swift */ = {isa = PBXFileReference; lastKnownFileType = sourcecode.swift; path = DataManager.swift; sourceTree = "<group>"; };
		431F485A254D42B800C4451E /* ContactsListView.swift */ = {isa = PBXFileReference; lastKnownFileType = sourcecode.swift; path = ContactsListView.swift; sourceTree = "<group>"; };
		431F485F254D466F00C4451E /* ContactInfoView.swift */ = {isa = PBXFileReference; lastKnownFileType = sourcecode.swift; path = ContactInfoView.swift; sourceTree = "<group>"; };
		431F487F254D5A4400C4451E /* ContactRow.swift */ = {isa = PBXFileReference; lastKnownFileType = sourcecode.swift; path = ContactRow.swift; sourceTree = "<group>"; };
		431F48C9254DE1B900C4451E /* ContactsListWithSections.swift */ = {isa = PBXFileReference; lastKnownFileType = sourcecode.swift; path = ContactsListWithSections.swift; sourceTree = "<group>"; };
/* End PBXFileReference section */

/* Begin PBXFrameworksBuildPhase section */
		431F481A254D223800C4451E /* Frameworks */ = {
			isa = PBXFrameworksBuildPhase;
			buildActionMask = 2147483647;
			files = (
			);
			runOnlyForDeploymentPostprocessing = 0;
		};
		431F482B254D223800C4451E /* Frameworks */ = {
			isa = PBXFrameworksBuildPhase;
			buildActionMask = 2147483647;
			files = (
			);
			runOnlyForDeploymentPostprocessing = 0;
		};
		431F4836254D223900C4451E /* Frameworks */ = {
			isa = PBXFrameworksBuildPhase;
			buildActionMask = 2147483647;
			files = (
			);
			runOnlyForDeploymentPostprocessing = 0;
		};
/* End PBXFrameworksBuildPhase section */

/* Begin PBXGroup section */
		431F4814254D223800C4451E = {
			isa = PBXGroup;
			children = (
				431F481F254D223800C4451E /* Contacts */,
				431F481E254D223800C4451E /* Products */,
			);
			sourceTree = "<group>";
		};
		431F481E254D223800C4451E /* Products */ = {
			isa = PBXGroup;
			children = (
				431F481D254D223800C4451E /* Contacts.app */,
				431F482E254D223800C4451E /* ContactsTests.xctest */,
				431F4839254D223900C4451E /* ContactsUITests.xctest */,
			);
			name = Products;
			sourceTree = "<group>";
		};
		431F481F254D223800C4451E /* Contacts */ = {
			isa = PBXGroup;
			children = (
				431F4820254D223800C4451E /* ContactsApp.swift */,
				431F4870254D561B00C4451E /* Views */,
				431F4871254D562A00C4451E /* Models */,
				431F4875254D563600C4451E /* Managers */,
				431F4824254D223800C4451E /* Assets.xcassets */,
				431F4829254D223800C4451E /* Info.plist */,
				431F4826254D223800C4451E /* Preview Content */,
			);
			path = Contacts;
			sourceTree = "<group>";
		};
		431F4826254D223800C4451E /* Preview Content */ = {
			isa = PBXGroup;
			children = (
				431F4827254D223800C4451E /* Preview Assets.xcassets */,
			);
			path = "Preview Content";
			sourceTree = "<group>";
		};
		431F4870254D561B00C4451E /* Views */ = {
			isa = PBXGroup;
			children = (
				431F4822254D223800C4451E /* TabBarView.swift */,
				431F485A254D42B800C4451E /* ContactsListView.swift */,
				431F48C9254DE1B900C4451E /* ContactsListWithSections.swift */,
				431F485F254D466F00C4451E /* ContactInfoView.swift */,
				431F487F254D5A4400C4451E /* ContactRow.swift */,
			);
			path = Views;
			sourceTree = "<group>";
		};
		431F4871254D562A00C4451E /* Models */ = {
			isa = PBXGroup;
			children = (
				431F484E254D260100C4451E /* Contact.swift */,
			);
			path = Models;
			sourceTree = "<group>";
		};
		431F4875254D563600C4451E /* Managers */ = {
			isa = PBXGroup;
			children = (
				431F4853254D269E00C4451E /* DataManager.swift */,
			);
			path = Managers;
			sourceTree = "<group>";
		};
/* End PBXGroup section */

/* Begin PBXNativeTarget section */
		431F481C254D223800C4451E /* Contacts */ = {
			isa = PBXNativeTarget;
			buildConfigurationList = 431F4842254D223900C4451E /* Build configuration list for PBXNativeTarget "Contacts" */;
			buildPhases = (
				431F4819254D223800C4451E /* Sources */,
				431F481A254D223800C4451E /* Frameworks */,
				431F481B254D223800C4451E /* Resources */,
			);
			buildRules = (
			);
			dependencies = (
			);
			name = Contacts;
			productName = Contacts;
			productReference = 431F481D254D223800C4451E /* Contacts.app */;
			productType = "com.apple.product-type.application";
		};
		431F482D254D223800C4451E /* ContactsTests */ = {
			isa = PBXNativeTarget;
			buildConfigurationList = 431F4845254D223900C4451E /* Build configuration list for PBXNativeTarget "ContactsTests" */;
			buildPhases = (
				431F482A254D223800C4451E /* Sources */,
				431F482B254D223800C4451E /* Frameworks */,
				431F482C254D223800C4451E /* Resources */,
			);
			buildRules = (
			);
			dependencies = (
				431F4830254D223800C4451E /* PBXTargetDependency */,
			);
			name = ContactsTests;
			productName = ContactsTests;
			productReference = 431F482E254D223800C4451E /* ContactsTests.xctest */;
			productType = "com.apple.product-type.bundle.unit-test";
		};
		431F4838254D223900C4451E /* ContactsUITests */ = {
			isa = PBXNativeTarget;
			buildConfigurationList = 431F4848254D223900C4451E /* Build configuration list for PBXNativeTarget "ContactsUITests" */;
			buildPhases = (
				431F4835254D223900C4451E /* Sources */,
				431F4836254D223900C4451E /* Frameworks */,
				431F4837254D223900C4451E /* Resources */,
			);
			buildRules = (
			);
			dependencies = (
				431F483B254D223900C4451E /* PBXTargetDependency */,
			);
			name = ContactsUITests;
			productName = ContactsUITests;
			productReference = 431F4839254D223900C4451E /* ContactsUITests.xctest */;
			productType = "com.apple.product-type.bundle.ui-testing";
		};
/* End PBXNativeTarget section */

/* Begin PBXProject section */
		431F4815254D223800C4451E /* Project object */ = {
			isa = PBXProject;
			attributes = {
				LastSwiftUpdateCheck = 1210;
				LastUpgradeCheck = 1210;
				TargetAttributes = {
					431F481C254D223800C4451E = {
						CreatedOnToolsVersion = 12.1;
					};
					431F482D254D223800C4451E = {
						CreatedOnToolsVersion = 12.1;
						TestTargetID = 431F481C254D223800C4451E;
					};
					431F4838254D223900C4451E = {
						CreatedOnToolsVersion = 12.1;
						TestTargetID = 431F481C254D223800C4451E;
					};
				};
			};
			buildConfigurationList = 431F4818254D223800C4451E /* Build configuration list for PBXProject "Contacts" */;
			compatibilityVersion = "Xcode 9.3";
			developmentRegion = en;
			hasScannedForEncodings = 0;
			knownRegions = (
				en,
				Base,
			);
			mainGroup = 431F4814254D223800C4451E;
			productRefGroup = 431F481E254D223800C4451E /* Products */;
			projectDirPath = "";
			projectRoot = "";
			targets = (
				431F481C254D223800C4451E /* Contacts */,
				431F482D254D223800C4451E /* ContactsTests */,
				431F4838254D223900C4451E /* ContactsUITests */,
			);
		};
/* End PBXProject section */

/* Begin PBXResourcesBuildPhase section */
		431F481B254D223800C4451E /* Resources */ = {
			isa = PBXResourcesBuildPhase;
			buildActionMask = 2147483647;
			files = (
				431F4828254D223800C4451E /* Preview Assets.xcassets in Resources */,
				431F4825254D223800C4451E /* Assets.xcassets in Resources */,
			);
			runOnlyForDeploymentPostprocessing = 0;
		};
		431F482C254D223800C4451E /* Resources */ = {
			isa = PBXResourcesBuildPhase;
			buildActionMask = 2147483647;
			files = (
			);
			runOnlyForDeploymentPostprocessing = 0;
		};
		431F4837254D223900C4451E /* Resources */ = {
			isa = PBXResourcesBuildPhase;
			buildActionMask = 2147483647;
			files = (
			);
			runOnlyForDeploymentPostprocessing = 0;
		};
/* End PBXResourcesBuildPhase section */

/* Begin PBXSourcesBuildPhase section */
		431F4819254D223800C4451E /* Sources */ = {
			isa = PBXSourcesBuildPhase;
			buildActionMask = 2147483647;
			files = (
				431F48CA254DE1B900C4451E /* ContactsListWithSections.swift in Sources */,
				431F484F254D260100C4451E /* Contact.swift in Sources */,
				431F4860254D466F00C4451E /* ContactInfoView.swift in Sources */,
				431F4854254D269E00C4451E /* DataManager.swift in Sources */,
				431F4823254D223800C4451E /* TabBarView.swift in Sources */,
				431F4821254D223800C4451E /* ContactsApp.swift in Sources */,
				431F4880254D5A4400C4451E /* ContactRow.swift in Sources */,
				431F485B254D42B800C4451E /* ContactsListView.swift in Sources */,
			);
			runOnlyForDeploymentPostprocessing = 0;
		};
		431F482A254D223800C4451E /* Sources */ = {
			isa = PBXSourcesBuildPhase;
			buildActionMask = 2147483647;
			files = (
			);
			runOnlyForDeploymentPostprocessing = 0;
		};
		431F4835254D223900C4451E /* Sources */ = {
			isa = PBXSourcesBuildPhase;
			buildActionMask = 2147483647;
			files = (
			);
			runOnlyForDeploymentPostprocessing = 0;
		};
/* End PBXSourcesBuildPhase section */

/* Begin PBXTargetDependency section */
		431F4830254D223800C4451E /* PBXTargetDependency */ = {
			isa = PBXTargetDependency;
			target = 431F481C254D223800C4451E /* Contacts */;
			targetProxy = 431F482F254D223800C4451E /* PBXContainerItemProxy */;
		};
		431F483B254D223900C4451E /* PBXTargetDependency */ = {
			isa = PBXTargetDependency;
			target = 431F481C254D223800C4451E /* Contacts */;
			targetProxy = 431F483A254D223900C4451E /* PBXContainerItemProxy */;
		};
/* End PBXTargetDependency section */

/* Begin XCBuildConfiguration section */
		431F4840254D223900C4451E /* Debug */ = {
			isa = XCBuildConfiguration;
			buildSettings = {
				ALWAYS_SEARCH_USER_PATHS = NO;
				CLANG_ANALYZER_NONNULL = YES;
				CLANG_ANALYZER_NUMBER_OBJECT_CONVERSION = YES_AGGRESSIVE;
				CLANG_CXX_LANGUAGE_STANDARD = "gnu++14";
				CLANG_CXX_LIBRARY = "libc++";
				CLANG_ENABLE_MODULES = YES;
				CLANG_ENABLE_OBJC_ARC = YES;
				CLANG_ENABLE_OBJC_WEAK = YES;
				CLANG_WARN_BLOCK_CAPTURE_AUTORELEASING = YES;
				CLANG_WARN_BOOL_CONVERSION = YES;
				CLANG_WARN_COMMA = YES;
				CLANG_WARN_CONSTANT_CONVERSION = YES;
				CLANG_WARN_DEPRECATED_OBJC_IMPLEMENTATIONS = YES;
				CLANG_WARN_DIRECT_OBJC_ISA_USAGE = YES_ERROR;
				CLANG_WARN_DOCUMENTATION_COMMENTS = YES;
				CLANG_WARN_EMPTY_BODY = YES;
				CLANG_WARN_ENUM_CONVERSION = YES;
				CLANG_WARN_INFINITE_RECURSION = YES;
				CLANG_WARN_INT_CONVERSION = YES;
				CLANG_WARN_NON_LITERAL_NULL_CONVERSION = YES;
				CLANG_WARN_OBJC_IMPLICIT_RETAIN_SELF = YES;
				CLANG_WARN_OBJC_LITERAL_CONVERSION = YES;
				CLANG_WARN_OBJC_ROOT_CLASS = YES_ERROR;
				CLANG_WARN_QUOTED_INCLUDE_IN_FRAMEWORK_HEADER = YES;
				CLANG_WARN_RANGE_LOOP_ANALYSIS = YES;
				CLANG_WARN_STRICT_PROTOTYPES = YES;
				CLANG_WARN_SUSPICIOUS_MOVE = YES;
				CLANG_WARN_UNGUARDED_AVAILABILITY = YES_AGGRESSIVE;
				CLANG_WARN_UNREACHABLE_CODE = YES;
				CLANG_WARN__DUPLICATE_METHOD_MATCH = YES;
				COPY_PHASE_STRIP = NO;
				DEBUG_INFORMATION_FORMAT = dwarf;
				ENABLE_STRICT_OBJC_MSGSEND = YES;
				ENABLE_TESTABILITY = YES;
				GCC_C_LANGUAGE_STANDARD = gnu11;
				GCC_DYNAMIC_NO_PIC = NO;
				GCC_NO_COMMON_BLOCKS = YES;
				GCC_OPTIMIZATION_LEVEL = 0;
				GCC_PREPROCESSOR_DEFINITIONS = (
					"DEBUG=1",
					"$(inherited)",
				);
				GCC_WARN_64_TO_32_BIT_CONVERSION = YES;
				GCC_WARN_ABOUT_RETURN_TYPE = YES_ERROR;
				GCC_WARN_UNDECLARED_SELECTOR = YES;
				GCC_WARN_UNINITIALIZED_AUTOS = YES_AGGRESSIVE;
				GCC_WARN_UNUSED_FUNCTION = YES;
				GCC_WARN_UNUSED_VARIABLE = YES;
				IPHONEOS_DEPLOYMENT_TARGET = 14.1;
				MTL_ENABLE_DEBUG_INFO = INCLUDE_SOURCE;
				MTL_FAST_MATH = YES;
				ONLY_ACTIVE_ARCH = YES;
				SDKROOT = iphoneos;
				SWIFT_ACTIVE_COMPILATION_CONDITIONS = DEBUG;
				SWIFT_OPTIMIZATION_LEVEL = "-Onone";
			};
			name = Debug;
		};
		431F4841254D223900C4451E /* Release */ = {
			isa = XCBuildConfiguration;
			buildSettings = {
				ALWAYS_SEARCH_USER_PATHS = NO;
				CLANG_ANALYZER_NONNULL = YES;
				CLANG_ANALYZER_NUMBER_OBJECT_CONVERSION = YES_AGGRESSIVE;
				CLANG_CXX_LANGUAGE_STANDARD = "gnu++14";
				CLANG_CXX_LIBRARY = "libc++";
				CLANG_ENABLE_MODULES = YES;
				CLANG_ENABLE_OBJC_ARC = YES;
				CLANG_ENABLE_OBJC_WEAK = YES;
				CLANG_WARN_BLOCK_CAPTURE_AUTORELEASING = YES;
				CLANG_WARN_BOOL_CONVERSION = YES;
				CLANG_WARN_COMMA = YES;
				CLANG_WARN_CONSTANT_CONVERSION = YES;
				CLANG_WARN_DEPRECATED_OBJC_IMPLEMENTATIONS = YES;
				CLANG_WARN_DIRECT_OBJC_ISA_USAGE = YES_ERROR;
				CLANG_WARN_DOCUMENTATION_COMMENTS = YES;
				CLANG_WARN_EMPTY_BODY = YES;
				CLANG_WARN_ENUM_CONVERSION = YES;
				CLANG_WARN_INFINITE_RECURSION = YES;
				CLANG_WARN_INT_CONVERSION = YES;
				CLANG_WARN_NON_LITERAL_NULL_CONVERSION = YES;
				CLANG_WARN_OBJC_IMPLICIT_RETAIN_SELF = YES;
				CLANG_WARN_OBJC_LITERAL_CONVERSION = YES;
				CLANG_WARN_OBJC_ROOT_CLASS = YES_ERROR;
				CLANG_WARN_QUOTED_INCLUDE_IN_FRAMEWORK_HEADER = YES;
				CLANG_WARN_RANGE_LOOP_ANALYSIS = YES;
				CLANG_WARN_STRICT_PROTOTYPES = YES;
				CLANG_WARN_SUSPICIOUS_MOVE = YES;
				CLANG_WARN_UNGUARDED_AVAILABILITY = YES_AGGRESSIVE;
				CLANG_WARN_UNREACHABLE_CODE = YES;
				CLANG_WARN__DUPLICATE_METHOD_MATCH = YES;
				COPY_PHASE_STRIP = NO;
				DEBUG_INFORMATION_FORMAT = "dwarf-with-dsym";
				ENABLE_NS_ASSERTIONS = NO;
				ENABLE_STRICT_OBJC_MSGSEND = YES;
				GCC_C_LANGUAGE_STANDARD = gnu11;
				GCC_NO_COMMON_BLOCKS = YES;
				GCC_WARN_64_TO_32_BIT_CONVERSION = YES;
				GCC_WARN_ABOUT_RETURN_TYPE = YES_ERROR;
				GCC_WARN_UNDECLARED_SELECTOR = YES;
				GCC_WARN_UNINITIALIZED_AUTOS = YES_AGGRESSIVE;
				GCC_WARN_UNUSED_FUNCTION = YES;
				GCC_WARN_UNUSED_VARIABLE = YES;
				IPHONEOS_DEPLOYMENT_TARGET = 14.1;
				MTL_ENABLE_DEBUG_INFO = NO;
				MTL_FAST_MATH = YES;
				SDKROOT = iphoneos;
				SWIFT_COMPILATION_MODE = wholemodule;
				SWIFT_OPTIMIZATION_LEVEL = "-O";
				VALIDATE_PRODUCT = YES;
			};
			name = Release;
		};
		431F4843254D223900C4451E /* Debug */ = {
			isa = XCBuildConfiguration;
			buildSettings = {
				ASSETCATALOG_COMPILER_APPICON_NAME = AppIcon;
				ASSETCATALOG_COMPILER_GLOBAL_ACCENT_COLOR_NAME = AccentColor;
				CODE_SIGN_STYLE = Automatic;
				DEVELOPMENT_ASSET_PATHS = "\"Contacts/Preview Content\"";
				ENABLE_PREVIEWS = YES;
				INFOPLIST_FILE = Contacts/Info.plist;
				IPHONEOS_DEPLOYMENT_TARGET = 14.0;
				LD_RUNPATH_SEARCH_PATHS = (
					"$(inherited)",
					"@executable_path/Frameworks",
				);
				PRODUCT_BUNDLE_IDENTIFIER = test.Contacts;
				PRODUCT_NAME = "$(TARGET_NAME)";
				SWIFT_VERSION = 5.0;
				TARGETED_DEVICE_FAMILY = "1,2";
			};
			name = Debug;
		};
		431F4844254D223900C4451E /* Release */ = {
			isa = XCBuildConfiguration;
			buildSettings = {
				ASSETCATALOG_COMPILER_APPICON_NAME = AppIcon;
				ASSETCATALOG_COMPILER_GLOBAL_ACCENT_COLOR_NAME = AccentColor;
				CODE_SIGN_STYLE = Automatic;
				DEVELOPMENT_ASSET_PATHS = "\"Contacts/Preview Content\"";
				ENABLE_PREVIEWS = YES;
				INFOPLIST_FILE = Contacts/Info.plist;
				IPHONEOS_DEPLOYMENT_TARGET = 14.0;
				LD_RUNPATH_SEARCH_PATHS = (
					"$(inherited)",
					"@executable_path/Frameworks",
				);
				PRODUCT_BUNDLE_IDENTIFIER = test.Contacts;
				PRODUCT_NAME = "$(TARGET_NAME)";
				SWIFT_VERSION = 5.0;
				TARGETED_DEVICE_FAMILY = "1,2";
			};
			name = Release;
		};
		431F4846254D223900C4451E /* Debug */ = {
			isa = XCBuildConfiguration;
			buildSettings = {
				ALWAYS_EMBED_SWIFT_STANDARD_LIBRARIES = YES;
				BUNDLE_LOADER = "$(TEST_HOST)";
				CODE_SIGN_STYLE = Automatic;
				INFOPLIST_FILE = ContactsTests/Info.plist;
				IPHONEOS_DEPLOYMENT_TARGET = 14.0;
				LD_RUNPATH_SEARCH_PATHS = (
					"$(inherited)",
					"@executable_path/Frameworks",
					"@loader_path/Frameworks",
				);
				PRODUCT_BUNDLE_IDENTIFIER = test.ContactsTests;
				PRODUCT_NAME = "$(TARGET_NAME)";
				SWIFT_VERSION = 5.0;
				TARGETED_DEVICE_FAMILY = "1,2";
				TEST_HOST = "$(BUILT_PRODUCTS_DIR)/Contacts.app/Contacts";
			};
			name = Debug;
		};
		431F4847254D223900C4451E /* Release */ = {
			isa = XCBuildConfiguration;
			buildSettings = {
				ALWAYS_EMBED_SWIFT_STANDARD_LIBRARIES = YES;
				BUNDLE_LOADER = "$(TEST_HOST)";
				CODE_SIGN_STYLE = Automatic;
				INFOPLIST_FILE = ContactsTests/Info.plist;
				IPHONEOS_DEPLOYMENT_TARGET = 14.0;
				LD_RUNPATH_SEARCH_PATHS = (
					"$(inherited)",
					"@executable_path/Frameworks",
					"@loader_path/Frameworks",
				);
				PRODUCT_BUNDLE_IDENTIFIER = test.ContactsTests;
				PRODUCT_NAME = "$(TARGET_NAME)";
				SWIFT_VERSION = 5.0;
				TARGETED_DEVICE_FAMILY = "1,2";
				TEST_HOST = "$(BUILT_PRODUCTS_DIR)/Contacts.app/Contacts";
			};
			name = Release;
		};
		431F4849254D223900C4451E /* Debug */ = {
			isa = XCBuildConfiguration;
			buildSettings = {
				ALWAYS_EMBED_SWIFT_STANDARD_LIBRARIES = YES;
				CODE_SIGN_STYLE = Automatic;
				INFOPLIST_FILE = ContactsUITests/Info.plist;
				LD_RUNPATH_SEARCH_PATHS = (
					"$(inherited)",
					"@executable_path/Frameworks",
					"@loader_path/Frameworks",
				);
				PRODUCT_BUNDLE_IDENTIFIER = test.ContactsUITests;
				PRODUCT_NAME = "$(TARGET_NAME)";
				SWIFT_VERSION = 5.0;
				TARGETED_DEVICE_FAMILY = "1,2";
				TEST_TARGET_NAME = Contacts;
			};
			name = Debug;
		};
		431F484A254D223900C4451E /* Release */ = {
			isa = XCBuildConfiguration;
			buildSettings = {
				ALWAYS_EMBED_SWIFT_STANDARD_LIBRARIES = YES;
				CODE_SIGN_STYLE = Automatic;
				INFOPLIST_FILE = ContactsUITests/Info.plist;
				LD_RUNPATH_SEARCH_PATHS = (
					"$(inherited)",
					"@executable_path/Frameworks",
					"@loader_path/Frameworks",
				);
				PRODUCT_BUNDLE_IDENTIFIER = test.ContactsUITests;
				PRODUCT_NAME = "$(TARGET_NAME)";
				SWIFT_VERSION = 5.0;
				TARGETED_DEVICE_FAMILY = "1,2";
				TEST_TARGET_NAME = Contacts;
			};
			name = Release;
		};
/* End XCBuildConfiguration section */

/* Begin XCConfigurationList section */
		431F4818254D223800C4451E /* Build configuration list for PBXProject "Contacts" */ = {
			isa = XCConfigurationList;
			buildConfigurations = (
				431F4840254D223900C4451E /* Debug */,
				431F4841254D223900C4451E /* Release */,
			);
			defaultConfigurationIsVisible = 0;
			defaultConfigurationName = Release;
		};
		431F4842254D223900C4451E /* Build configuration list for PBXNativeTarget "Contacts" */ = {
			isa = XCConfigurationList;
			buildConfigurations = (
				431F4843254D223900C4451E /* Debug */,
				431F4844254D223900C4451E /* Release */,
			);
			defaultConfigurationIsVisible = 0;
			defaultConfigurationName = Release;
		};
		431F4845254D223900C4451E /* Build configuration list for PBXNativeTarget "ContactsTests" */ = {
			isa = XCConfigurationList;
			buildConfigurations = (
				431F4846254D223900C4451E /* Debug */,
				431F4847254D223900C4451E /* Release */,
			);
			defaultConfigurationIsVisible = 0;
			defaultConfigurationName = Release;
		};
		431F4848254D223900C4451E /* Build configuration list for PBXNativeTarget "ContactsUITests" */ = {
			isa = XCConfigurationList;
			buildConfigurations = (
				431F4849254D223900C4451E /* Debug */,
				431F484A254D223900C4451E /* Release */,
			);
			defaultConfigurationIsVisible = 0;
			defaultConfigurationName = Release;
		};
/* End XCConfigurationList section */
	};
	rootObject = 431F4815254D223800C4451E /* Project object */;
}
